Microsoft Visual Studio Solution File, Format Version 11.00
# Visual Studio 2008

Project("{CEA3A438-B39D-AD81-70FF-F14F292DDE69}") = "Poker", "Assembly-CSharp-firstpass-vs.csproj", "{0846E79A-B9DB-621C-EB58-79DB34619D01}"
EndProject
Project("{CEA3A438-B39D-AD81-70FF-F14F292DDE69}") = "Poker", "Assembly-CSharp-vs.csproj", "{8016CA42-6711-4A48-BC72-1675CBAD620A}"
EndProject
Project("{CEA3A438-B39D-AD81-70FF-F14F292DDE69}") = "Poker", "Assembly-CSharp-Editor-vs.csproj", "{0267F5D3-A57F-9F06-4AE4-87FEFFBD5BCD}"
EndProject
Global
	GlobalSection(SolutionConfigurationPlatforms) = preSolution
		Debug|Any CPU = Debug|Any CPU
		Release|Any CPU = Release|Any CPU
	EndGlobalSection
	GlobalSection(ProjectConfigurationPlatforms) = postSolution
		{0846E79A-B9DB-621C-EB58-79DB34619D01}.Debug|Any CPU.ActiveCfg = Debug|Any CPU
		{0846E79A-B9DB-621C-EB58-79DB34619D01}.Debug|Any CPU.Build.0 = Debug|Any CPU
		{0846E79A-B9DB-621C-EB58-79DB34619D01}.Release|Any CPU.ActiveCfg = Release|Any CPU
		{0846E79A-B9DB-621C-EB58-79DB34619D01}.Release|Any CPU.Build.0 = Release|Any CPU
		{8016CA42-6711-4A48-BC72-1675CBAD620A}.Debug|Any CPU.ActiveCfg = Debug|Any CPU
		{8016CA42-6711-4A48-BC72-1675CBAD620A}.Debug|Any CPU.Build.0 = Debug|Any CPU
		{8016CA42-6711-4A48-BC72-1675CBAD620A}.Release|Any CPU.ActiveCfg = Release|Any CPU
		{8016CA42-6711-4A48-BC72-1675CBAD620A}.Release|Any CPU.Build.0 = Release|Any CPU
		{0267F5D3-A57F-9F06-4AE4-87FEFFBD5BCD}.Debug|Any CPU.ActiveCfg = Debug|Any CPU
		{0267F5D3-A57F-9F06-4AE4-87FEFFBD5BCD}.Debug|Any CPU.Build.0 = Debug|Any CPU
		{0267F5D3-A57F-9F06-4AE4-87FEFFBD5BCD}.Release|Any CPU.ActiveCfg = Release|Any CPU
		{0267F5D3-A57F-9F06-4AE4-87FEFFBD5BCD}.Release|Any CPU.Build.0 = Release|Any CPU
	EndGlobalSection
	GlobalSection(SolutionProperties) = preSolution
		HideSolutionNode = FALSE
	EndGlobalSection
																																																																																																																																																																																																																							GlobalSection(MonoDevelopProperties) = preSolution
		StartupItem = Assembly-CSharp.csproj
		Policies = $0
		$0.TextStylePolicy = $1
		$1.inheritsSet = null
		$1.scope = text/x-csharp
		$0.CSharpFormattingPolicy = $2
		$2.inheritsSet = Mono
		$2.inheritsScope = text/x-csharp
		$2.scope = text/x-csharp
		$0.TextStylePolicy = $3
		$3.FileWidth = 120
		$3.TabWidth = 4
		$3.IndentWidth = 4
		$3.EolMarker = Unix
		$3.inheritsSet = Mono
		$3.inheritsScope = text/plain
		$3.scope = text/plain
	EndGlobalSection

EndGlobal
